
Microsoft Visual Studio Solution File, Format Version 12.00
# Visual Studio Version 16
VisualStudioVersion = 16.0.29519.181
MinimumVisualStudioVersion = 10.0.40219.1
Project("{FAE04EC0-301F-11D3-BF4B-00C04F79EFBC}") = "CapaConexion", "CapaConexion\CapaConexion.csproj", "{CF3B2FBD-CBEE-426F-90FB-D91B43CADFCF}"
EndProject
Project("{FAE04EC0-301F-11D3-BF4B-00C04F79EFBC}") = "CapaDTO", "CapaDTO\CapaDTO.csproj", "{5662EAAF-AA4A-4C3E-B424-40D6BB0A89F7}"
EndProject
Project("{FAE04EC0-301F-11D3-BF4B-00C04F79EFBC}") = "CapaNegocio", "CapaNegocio\CapaNegocio.csproj", "{C07D375C-B4FF-4AB9-A729-E821B7C2A61E}"
EndProject
Project("{FAE04EC0-301F-11D3-BF4B-00C04F79EFBC}") = "CapaGUI", "CapaGUI\CapaGUI.csproj", "{45A333A5-99BB-4D93-AA5E-AE36D8AC59B1}"
	ProjectSection(ProjectDependencies) = postProject
		{7B2FD9D4-8C12-4697-A5A4-00C6201E1FDE} = {7B2FD9D4-8C12-4697-A5A4-00C6201E1FDE}
	EndProjectSection
EndProject
Project("{FAE04EC0-301F-11D3-BF4B-00C04F79EFBC}") = "CapaWebService", "CapaWebService\CapaWebService.csproj", "{7B2FD9D4-8C12-4697-A5A4-00C6201E1FDE}"
EndProject
Global
	GlobalSection(SolutionConfigurationPlatforms) = preSolution
		Debug|Any CPU = Debug|Any CPU
		Release|Any CPU = Release|Any CPU
	EndGlobalSection
	GlobalSection(ProjectConfigurationPlatforms) = postSolution
		{CF3B2FBD-CBEE-426F-90FB-D91B43CADFCF}.Debug|Any CPU.ActiveCfg = Debug|Any CPU
		{CF3B2FBD-CBEE-426F-90FB-D91B43CADFCF}.Debug|Any CPU.Build.0 = Debug|Any CPU
		{CF3B2FBD-CBEE-426F-90FB-D91B43CADFCF}.Release|Any CPU.ActiveCfg = Release|Any CPU
		{CF3B2FBD-CBEE-426F-90FB-D91B43CADFCF}.Release|Any CPU.Build.0 = Release|Any CPU
		{5662EAAF-AA4A-4C3E-B424-40D6BB0A89F7}.Debug|Any CPU.ActiveCfg = Debug|Any CPU
		{5662EAAF-AA4A-4C3E-B424-40D6BB0A89F7}.Debug|Any CPU.Build.0 = Debug|Any CPU
		{5662EAAF-AA4A-4C3E-B424-40D6BB0A89F7}.Release|Any CPU.ActiveCfg = Release|Any CPU
		{5662EAAF-AA4A-4C3E-B424-40D6BB0A89F7}.Release|Any CPU.Build.0 = Release|Any CPU
		{C07D375C-B4FF-4AB9-A729-E821B7C2A61E}.Debug|Any CPU.ActiveCfg = Debug|Any CPU
		{C07D375C-B4FF-4AB9-A729-E821B7C2A61E}.Debug|Any CPU.Build.0 = Debug|Any CPU
		{C07D375C-B4FF-4AB9-A729-E821B7C2A61E}.Release|Any CPU.ActiveCfg = Release|Any CPU
		{C07D375C-B4FF-4AB9-A729-E821B7C2A61E}.Release|Any CPU.Build.0 = Release|Any CPU
		{45A333A5-99BB-4D93-AA5E-AE36D8AC59B1}.Debug|Any CPU.ActiveCfg = Debug|Any CPU
		{45A333A5-99BB-4D93-AA5E-AE36D8AC59B1}.Debug|Any CPU.Build.0 = Debug|Any CPU
		{45A333A5-99BB-4D93-AA5E-AE36D8AC59B1}.Release|Any CPU.ActiveCfg = Release|Any CPU
		{45A333A5-99BB-4D93-AA5E-AE36D8AC59B1}.Release|Any CPU.Build.0 = Release|Any CPU
		{7B2FD9D4-8C12-4697-A5A4-00C6201E1FDE}.Debug|Any CPU.ActiveCfg = Debug|Any CPU
		{7B2FD9D4-8C12-4697-A5A4-00C6201E1FDE}.Debug|Any CPU.Build.0 = Debug|Any CPU
		{7B2FD9D4-8C12-4697-A5A4-00C6201E1FDE}.Release|Any CPU.ActiveCfg = Release|Any CPU
		{7B2FD9D4-8C12-4697-A5A4-00C6201E1FDE}.Release|Any CPU.Build.0 = Release|Any CPU
	EndGlobalSection
	GlobalSection(SolutionProperties) = preSolution
		HideSolutionNode = FALSE
	EndGlobalSection
	GlobalSection(ExtensibilityGlobals) = postSolution
		SolutionGuid = {A58AC9C3-A639-4F1A-96BB-1F5CA18F45E0}
	EndGlobalSection
EndGlobal
